// !$*UTF8*$!
{
	archiveVersion = 1;
	classes = {
	};
	objectVersion = 56;
	objects = {

/* Begin PBXBuildFile section */
		2F568DD02B63F80D00D5E46A /* JapaneseRestaurantApp.swift in Sources */ = {isa = PBXBuildFile; fileRef = 2F568DCF2B63F80D00D5E46A /* JapaneseRestaurantApp.swift */; };
		2F568DD22B63F80D00D5E46A /* MainView.swift in Sources */ = {isa = PBXBuildFile; fileRef = 2F568DD12B63F80D00D5E46A /* MainView.swift */; };
		2F568DD42B63F80E00D5E46A /* Assets.xcassets in Resources */ = {isa = PBXBuildFile; fileRef = 2F568DD32B63F80E00D5E46A /* Assets.xcassets */; };
		2F568DD72B63F80E00D5E46A /* Preview Assets.xcassets in Resources */ = {isa = PBXBuildFile; fileRef = 2F568DD62B63F80E00D5E46A /* Preview Assets.xcassets */; };
		2F568DDE2B63FC6000D5E46A /* AboutView.swift in Sources */ = {isa = PBXBuildFile; fileRef = 2F568DDD2B63FC6000D5E46A /* AboutView.swift */; };
		2F568DE02B63FC7500D5E46A /* GalleryView.swift in Sources */ = {isa = PBXBuildFile; fileRef = 2F568DDF2B63FC7500D5E46A /* GalleryView.swift */; };
		2F568DE22B63FC8300D5E46A /* MenuView.swift in Sources */ = {isa = PBXBuildFile; fileRef = 2F568DE12B63FC8300D5E46A /* MenuView.swift */; };
		2F568DE62B63FCE600D5E46A /* MenuItem.swift in Sources */ = {isa = PBXBuildFile; fileRef = 2F568DE32B63FCE600D5E46A /* MenuItem.swift */; };
		2F568DE72B63FCE600D5E46A /* DataService.swift in Sources */ = {isa = PBXBuildFile; fileRef = 2F568DE42B63FCE600D5E46A /* DataService.swift */; };
		2F568DE82B63FCE600D5E46A /* MenuListRow.swift in Sources */ = {isa = PBXBuildFile; fileRef = 2F568DE52B63FCE600D5E46A /* MenuListRow.swift */; };
/* End PBXBuildFile section */

/* Begin PBXFileReference section */
		2F568DCC2B63F80D00D5E46A /* JapaneseRestaurant.app */ = {isa = PBXFileReference; explicitFileType = wrapper.application; includeInIndex = 0; path = JapaneseRestaurant.app; sourceTree = BUILT_PRODUCTS_DIR; };
		2F568DCF2B63F80D00D5E46A /* JapaneseRestaurantApp.swift */ = {isa = PBXFileReference; lastKnownFileType = sourcecode.swift; path = JapaneseRestaurantApp.swift; sourceTree = "<group>"; };
		2F568DD12B63F80D00D5E46A /* MainView.swift */ = {isa = PBXFileReference; lastKnownFileType = sourcecode.swift; path = MainView.swift; sourceTree = "<group>"; };
		2F568DD32B63F80E00D5E46A /* Assets.xcassets */ = {isa = PBXFileReference; lastKnownFileType = folder.assetcatalog; path = Assets.xcassets; sourceTree = "<group>"; };
		2F568DD62B63F80E00D5E46A /* Preview Assets.xcassets */ = {isa = PBXFileReference; lastKnownFileType = folder.assetcatalog; path = "Preview Assets.xcassets"; sourceTree = "<group>"; };
		2F568DDD2B63FC6000D5E46A /* AboutView.swift */ = {isa = PBXFileReference; lastKnownFileType = sourcecode.swift; path = AboutView.swift; sourceTree = "<group>"; };
		2F568DDF2B63FC7500D5E46A /* GalleryView.swift */ = {isa = PBXFileReference; lastKnownFileType = sourcecode.swift; path = GalleryView.swift; sourceTree = "<group>"; };
		2F568DE12B63FC8300D5E46A /* MenuView.swift */ = {isa = PBXFileReference; lastKnownFileType = sourcecode.swift; path = MenuView.swift; sourceTree = "<group>"; };
		2F568DE32B63FCE600D5E46A /* MenuItem.swift */ = {isa = PBXFileReference; fileEncoding = 4; lastKnownFileType = sourcecode.swift; path = MenuItem.swift; sourceTree = "<group>"; };
		2F568DE42B63FCE600D5E46A /* DataService.swift */ = {isa = PBXFileReference; fileEncoding = 4; lastKnownFileType = sourcecode.swift; path = DataService.swift; sourceTree = "<group>"; };
		2F568DE52B63FCE600D5E46A /* MenuListRow.swift */ = {isa = PBXFileReference; fileEncoding = 4; lastKnownFileType = sourcecode.swift; path = MenuListRow.swift; sourceTree = "<group>"; };
/* End PBXFileReference section */

/* Begin PBXFrameworksBuildPhase section */
		2F568DC92B63F80D00D5E46A /* Frameworks */ = {
			isa = PBXFrameworksBuildPhase;
			buildActionMask = 2147483647;
			files = (
			);
			runOnlyForDeploymentPostprocessing = 0;
		};
/* End PBXFrameworksBuildPhase section */

/* Begin PBXGroup section */
		2F568DC32B63F80D00D5E46A = {
			isa = PBXGroup;
			children = (
				2F568DCE2B63F80D00D5E46A /* JapaneseRestaurant */,
				2F568DCD2B63F80D00D5E46A /* Products */,
			);
			sourceTree = "<group>";
		};
		2F568DCD2B63F80D00D5E46A /* Products */ = {
			isa = PBXGroup;
			children = (
				2F568DCC2B63F80D00D5E46A /* JapaneseRestaurant.app */,
			);
			name = Products;
			sourceTree = "<group>";
		};
		2F568DCE2B63F80D00D5E46A /* JapaneseRestaurant */ = {
			isa = PBXGroup;
			children = (
				2F568DCF2B63F80D00D5E46A /* JapaneseRestaurantApp.swift */,
				2F568DD12B63F80D00D5E46A /* MainView.swift */,
				2F568DDD2B63FC6000D5E46A /* AboutView.swift */,
				2F568DDF2B63FC7500D5E46A /* GalleryView.swift */,
				2F568DE12B63FC8300D5E46A /* MenuView.swift */,
				2F568DD32B63F80E00D5E46A /* Assets.xcassets */,
				2F568DD52B63F80E00D5E46A /* Preview Content */,
			);
			path = JapaneseRestaurant;
			sourceTree = "<group>";
		};
		2F568DD52B63F80E00D5E46A /* Preview Content */ = {
			isa = PBXGroup;
			children = (
				2F568DE42B63FCE600D5E46A /* DataService.swift */,
				2F568DE32B63FCE600D5E46A /* MenuItem.swift */,
				2F568DE52B63FCE600D5E46A /* MenuListRow.swift */,
				2F568DD62B63F80E00D5E46A /* Preview Assets.xcassets */,
			);
			path = "Preview Content";
			sourceTree = "<group>";
		};
/* End PBXGroup section */

/* Begin PBXNativeTarget section */
		2F568DCB2B63F80D00D5E46A /* JapaneseRestaurant */ = {
			isa = PBXNativeTarget;
			buildConfigurationList = 2F568DDA2B63F80E00D5E46A /* Build configuration list for PBXNativeTarget "JapaneseRestaurant" */;
			buildPhases = (
				2F568DC82B63F80D00D5E46A /* Sources */,
				2F568DC92B63F80D00D5E46A /* Frameworks */,
				2F568DCA2B63F80D00D5E46A /* Resources */,
			);
			buildRules = (
			);
			dependencies = (
			);
			name = JapaneseRestaurant;
			productName = JapaneseRestaurant;
			productReference = 2F568DCC2B63F80D00D5E46A /* JapaneseRestaurant.app */;
			productType = "com.apple.product-type.application";
		};
/* End PBXNativeTarget section */

/* Begin PBXProject section */
		2F568DC42B63F80D00D5E46A /* Project object */ = {
			isa = PBXProject;
			attributes = {
				BuildIndependentTargetsInParallel = 1;
				LastSwiftUpdateCheck = 1520;
				LastUpgradeCheck = 1520;
				TargetAttributes = {
					2F568DCB2B63F80D00D5E46A = {
						CreatedOnToolsVersion = 15.2;
					};
				};
			};
			buildConfigurationList = 2F568DC72B63F80D00D5E46A /* Build configuration list for PBXProject "JapaneseRestaurant" */;
			compatibilityVersion = "Xcode 14.0";
			developmentRegion = en;
			hasScannedForEncodings = 0;
			knownRegions = (
				en,
				Base,
			);
			mainGroup = 2F568DC32B63F80D00D5E46A;
			productRefGroup = 2F568DCD2B63F80D00D5E46A /* Products */;
			projectDirPath = "";
			projectRoot = "";
			targets = (
				2F568DCB2B63F80D00D5E46A /* JapaneseRestaurant */,
			);
		};
/* End PBXProject section */

/* Begin PBXResourcesBuildPhase section */
		2F568DCA2B63F80D00D5E46A /* Resources */ = {
			isa = PBXResourcesBuildPhase;
			buildActionMask = 2147483647;
			files = (
				2F568DD72B63F80E00D5E46A /* Preview Assets.xcassets in Resources */,
				2F568DD42B63F80E00D5E46A /* Assets.xcassets in Resources */,
			);
			runOnlyForDeploymentPostprocessing = 0;
		};
/* End PBXResourcesBuildPhase section */

/* Begin PBXSourcesBuildPhase section */
		2F568DC82B63F80D00D5E46A /* Sources */ = {
			isa = PBXSourcesBuildPhase;
			buildActionMask = 2147483647;
			files = (
				2F568DE22B63FC8300D5E46A /* MenuView.swift in Sources */,
				2F568DE72B63FCE600D5E46A /* DataService.swift in Sources */,
				2F568DD22B63F80D00D5E46A /* MainView.swift in Sources */,
				2F568DDE2B63FC6000D5E46A /* AboutView.swift in Sources */,
				2F568DE62B63FCE600D5E46A /* MenuItem.swift in Sources */,
				2F568DE82B63FCE600D5E46A /* MenuListRow.swift in Sources */,
				2F568DD02B63F80D00D5E46A /* JapaneseRestaurantApp.swift in Sources */,
				2F568DE02B63FC7500D5E46A /* GalleryView.swift in Sources */,
			);
			runOnlyForDeploymentPostprocessing = 0;
		};
/* End PBXSourcesBuildPhase section */

/* Begin XCBuildConfiguration section */
		2F568DD82B63F80E00D5E46A /* Debug */ = {
			isa = XCBuildConfiguration;
			buildSettings = {
				ALWAYS_SEARCH_USER_PATHS = NO;
				ASSETCATALOG_COMPILER_GENERATE_SWIFT_ASSET_SYMBOL_EXTENSIONS = YES;
				CLANG_ANALYZER_NONNULL = YES;
				CLANG_ANALYZER_NUMBER_OBJECT_CONVERSION = YES_AGGRESSIVE;
				CLANG_CXX_LANGUAGE_STANDARD = "gnu++20";
				CLANG_ENABLE_MODULES = YES;
				CLANG_ENABLE_OBJC_ARC = YES;
				CLANG_ENABLE_OBJC_WEAK = YES;
				CLANG_WARN_BLOCK_CAPTURE_AUTORELEASING = YES;
				CLANG_WARN_BOOL_CONVERSION = YES;
				CLANG_WARN_COMMA = YES;
				CLANG_WARN_CONSTANT_CONVERSION = YES;
				CLANG_WARN_DEPRECATED_OBJC_IMPLEMENTATIONS = YES;
				CLANG_WARN_DIRECT_OBJC_ISA_USAGE = YES_ERROR;
				CLANG_WARN_DOCUMENTATION_COMMENTS = YES;
				CLANG_WARN_EMPTY_BODY = YES;
				CLANG_WARN_ENUM_CONVERSION = YES;
				CLANG_WARN_INFINITE_RECURSION = YES;
				CLANG_WARN_INT_CONVERSION = YES;
				CLANG_WARN_NON_LITERAL_NULL_CONVERSION = YES;
				CLANG_WARN_OBJC_IMPLICIT_RETAIN_SELF = YES;
				CLANG_WARN_OBJC_LITERAL_CONVERSION = YES;
				CLANG_WARN_OBJC_ROOT_CLASS = YES_ERROR;
				CLANG_WARN_QUOTED_INCLUDE_IN_FRAMEWORK_HEADER = YES;
				CLANG_WARN_RANGE_LOOP_ANALYSIS = YES;
				CLANG_WARN_STRICT_PROTOTYPES = YES;
				CLANG_WARN_SUSPICIOUS_MOVE = YES;
				CLANG_WARN_UNGUARDED_AVAILABILITY = YES_AGGRESSIVE;
				CLANG_WARN_UNREACHABLE_CODE = YES;
				CLANG_WARN__DUPLICATE_METHOD_MATCH = YES;
				COPY_PHASE_STRIP = NO;
				DEBUG_INFORMATION_FORMAT = dwarf;
				ENABLE_STRICT_OBJC_MSGSEND = YES;
				ENABLE_TESTABILITY = YES;
				ENABLE_USER_SCRIPT_SANDBOXING = YES;
				GCC_C_LANGUAGE_STANDARD = gnu17;
				GCC_DYNAMIC_NO_PIC = NO;
				GCC_NO_COMMON_BLOCKS = YES;
				GCC_OPTIMIZATION_LEVEL = 0;
				GCC_PREPROCESSOR_DEFINITIONS = (
					"DEBUG=1",
					"$(inherited)",
				);
				GCC_WARN_64_TO_32_BIT_CONVERSION = YES;
				GCC_WARN_ABOUT_RETURN_TYPE = YES_ERROR;
				GCC_WARN_UNDECLARED_SELECTOR = YES;
				GCC_WARN_UNINITIALIZED_AUTOS = YES_AGGRESSIVE;
				GCC_WARN_UNUSED_FUNCTION = YES;
				GCC_WARN_UNUSED_VARIABLE = YES;
				IPHONEOS_DEPLOYMENT_TARGET = 17.2;
				LOCALIZATION_PREFERS_STRING_CATALOGS = YES;
				MTL_ENABLE_DEBUG_INFO = INCLUDE_SOURCE;
				MTL_FAST_MATH = YES;
				ONLY_ACTIVE_ARCH = YES;
				SDKROOT = iphoneos;
				SWIFT_ACTIVE_COMPILATION_CONDITIONS = "DEBUG $(inherited)";
				SWIFT_OPTIMIZATION_LEVEL = "-Onone";
			};
			name = Debug;
		};
		2F568DD92B63F80E00D5E46A /* Release */ = {
			isa = XCBuildConfiguration;
			buildSettings = {
				ALWAYS_SEARCH_USER_PATHS = NO;
				ASSETCATALOG_COMPILER_GENERATE_SWIFT_ASSET_SYMBOL_EXTENSIONS = YES;
				CLANG_ANALYZER_NONNULL = YES;
				CLANG_ANALYZER_NUMBER_OBJECT_CONVERSION = YES_AGGRESSIVE;
				CLANG_CXX_LANGUAGE_STANDARD = "gnu++20";
				CLANG_ENABLE_MODULES = YES;
				CLANG_ENABLE_OBJC_ARC = YES;
				CLANG_ENABLE_OBJC_WEAK = YES;
				CLANG_WARN_BLOCK_CAPTURE_AUTORELEASING = YES;
				CLANG_WARN_BOOL_CONVERSION = YES;
				CLANG_WARN_COMMA = YES;
				CLANG_WARN_CONSTANT_CONVERSION = YES;
				CLANG_WARN_DEPRECATED_OBJC_IMPLEMENTATIONS = YES;
				CLANG_WARN_DIRECT_OBJC_ISA_USAGE = YES_ERROR;
				CLANG_WARN_DOCUMENTATION_COMMENTS = YES;
				CLANG_WARN_EMPTY_BODY = YES;
				CLANG_WARN_ENUM_CONVERSION = YES;
				CLANG_WARN_INFINITE_RECURSION = YES;
				CLANG_WARN_INT_CONVERSION = YES;
				CLANG_WARN_NON_LITERAL_NULL_CONVERSION = YES;
				CLANG_WARN_OBJC_IMPLICIT_RETAIN_SELF = YES;
				CLANG_WARN_OBJC_LITERAL_CONVERSION = YES;
				CLANG_WARN_OBJC_ROOT_CLASS = YES_ERROR;
				CLANG_WARN_QUOTED_INCLUDE_IN_FRAMEWORK_HEADER = YES;
				CLANG_WARN_RANGE_LOOP_ANALYSIS = YES;
				CLANG_WARN_STRICT_PROTOTYPES = YES;
				CLANG_WARN_SUSPICIOUS_MOVE = YES;
				CLANG_WARN_UNGUARDED_AVAILABILITY = YES_AGGRESSIVE;
				CLANG_WARN_UNREACHABLE_CODE = YES;
				CLANG_WARN__DUPLICATE_METHOD_MATCH = YES;
				COPY_PHASE_STRIP = NO;
				DEBUG_INFORMATION_FORMAT = "dwarf-with-dsym";
				ENABLE_NS_ASSERTIONS = NO;
				ENABLE_STRICT_OBJC_MSGSEND = YES;
				ENABLE_USER_SCRIPT_SANDBOXING = YES;
				GCC_C_LANGUAGE_STANDARD = gnu17;
				GCC_NO_COMMON_BLOCKS = YES;
				GCC_WARN_64_TO_32_BIT_CONVERSION = YES;
				GCC_WARN_ABOUT_RETURN_TYPE = YES_ERROR;
				GCC_WARN_UNDECLARED_SELECTOR = YES;
				GCC_WARN_UNINITIALIZED_AUTOS = YES_AGGRESSIVE;
				GCC_WARN_UNUSED_FUNCTION = YES;
				GCC_WARN_UNUSED_VARIABLE = YES;
				IPHONEOS_DEPLOYMENT_TARGET = 17.2;
				LOCALIZATION_PREFERS_STRING_CATALOGS = YES;
				MTL_ENABLE_DEBUG_INFO = NO;
				MTL_FAST_MATH = YES;
				SDKROOT = iphoneos;
				SWIFT_COMPILATION_MODE = wholemodule;
				VALIDATE_PRODUCT = YES;
			};
			name = Release;
		};
		2F568DDB2B63F80E00D5E46A /* Debug */ = {
			isa = XCBuildConfiguration;
			buildSettings = {
				ASSETCATALOG_COMPILER_APPICON_NAME = AppIcon;
				ASSETCATALOG_COMPILER_GLOBAL_ACCENT_COLOR_NAME = AccentColor;
				CODE_SIGN_STYLE = Automatic;
				CURRENT_PROJECT_VERSION = 1;
				DEVELOPMENT_ASSET_PATHS = "\"JapaneseRestaurant/Preview Content\"";
				ENABLE_PREVIEWS = YES;
				GENERATE_INFOPLIST_FILE = YES;
				INFOPLIST_KEY_UIApplicationSceneManifest_Generation = YES;
				INFOPLIST_KEY_UIApplicationSupportsIndirectInputEvents = YES;
				INFOPLIST_KEY_UILaunchScreen_Generation = YES;
				INFOPLIST_KEY_UISupportedInterfaceOrientations_iPad = "UIInterfaceOrientationPortrait UIInterfaceOrientationPortraitUpsideDown UIInterfaceOrientationLandscapeLeft UIInterfaceOrientationLandscapeRight";
				INFOPLIST_KEY_UISupportedInterfaceOrientations_iPhone = "UIInterfaceOrientationPortrait UIInterfaceOrientationLandscapeLeft UIInterfaceOrientationLandscapeRight";
				LD_RUNPATH_SEARCH_PATHS = (
					"$(inherited)",
					"@executable_path/Frameworks",
				);
				MARKETING_VERSION = 1.0;
				PRODUCT_BUNDLE_IDENTIFIER = aiaiai.JapaneseRestaurant;
				PRODUCT_NAME = "$(TARGET_NAME)";
				SWIFT_EMIT_LOC_STRINGS = YES;
				SWIFT_VERSION = 5.0;
				TARGETED_DEVICE_FAMILY = "1,2";
			};
			name = Debug;
		};
		2F568DDC2B63F80E00D5E46A /* Release */ = {
			isa = XCBuildConfiguration;
			buildSettings = {
				ASSETCATALOG_COMPILER_APPICON_NAME = AppIcon;
				ASSETCATALOG_COMPILER_GLOBAL_ACCENT_COLOR_NAME = AccentColor;
				CODE_SIGN_STYLE = Automatic;
				CURRENT_PROJECT_VERSION = 1;
				DEVELOPMENT_ASSET_PATHS = "\"JapaneseRestaurant/Preview Content\"";
				ENABLE_PREVIEWS = YES;
				GENERATE_INFOPLIST_FILE = YES;
				INFOPLIST_KEY_UIApplicationSceneManifest_Generation = YES;
				INFOPLIST_KEY_UIApplicationSupportsIndirectInputEvents = YES;
				INFOPLIST_KEY_UILaunchScreen_Generation = YES;
				INFOPLIST_KEY_UISupportedInterfaceOrientations_iPad = "UIInterfaceOrientationPortrait UIInterfaceOrientationPortraitUpsideDown UIInterfaceOrientationLandscapeLeft UIInterfaceOrientationLandscapeRight";
				INFOPLIST_KEY_UISupportedInterfaceOrientations_iPhone = "UIInterfaceOrientationPortrait UIInterfaceOrientationLandscapeLeft UIInterfaceOrientationLandscapeRight";
				LD_RUNPATH_SEARCH_PATHS = (
					"$(inherited)",
					"@executable_path/Frameworks",
				);
				MARKETING_VERSION = 1.0;
				PRODUCT_BUNDLE_IDENTIFIER = aiaiai.JapaneseRestaurant;
				PRODUCT_NAME = "$(TARGET_NAME)";
				SWIFT_EMIT_LOC_STRINGS = YES;
				SWIFT_VERSION = 5.0;
				TARGETED_DEVICE_FAMILY = "1,2";
			};
			name = Release;
		};
/* End XCBuildConfiguration section */

/* Begin XCConfigurationList section */
		2F568DC72B63F80D00D5E46A /* Build configuration list for PBXProject "JapaneseRestaurant" */ = {
			isa = XCConfigurationList;
			buildConfigurations = (
				2F568DD82B63F80E00D5E46A /* Debug */,
				2F568DD92B63F80E00D5E46A /* Release */,
			);
			defaultConfigurationIsVisible = 0;
			defaultConfigurationName = Release;
		};
		2F568DDA2B63F80E00D5E46A /* Build configuration list for PBXNativeTarget "JapaneseRestaurant" */ = {
			isa = XCConfigurationList;
			buildConfigurations = (
				2F568DDB2B63F80E00D5E46A /* Debug */,
				2F568DDC2B63F80E00D5E46A /* Release */,
			);
			defaultConfigurationIsVisible = 0;
			defaultConfigurationName = Release;
		};
/* End XCConfigurationList section */
	};
	rootObject = 2F568DC42B63F80D00D5E46A /* Project object */;
}
